// !$*UTF8*$!
{
	archiveVersion = 1;
	classes = {
	};
	objectVersion = 56;
	objects = {

/* Begin PBXBuildFile section */
		5536B7CB29265C25006163B7 /* AppDelegate.swift in Sources */ = {isa = PBXBuildFile; fileRef = 5536B7CA29265C25006163B7 /* AppDelegate.swift */; };
		5536B7CD29265C25006163B7 /* SceneDelegate.swift in Sources */ = {isa = PBXBuildFile; fileRef = 5536B7CC29265C25006163B7 /* SceneDelegate.swift */; };
		5536B7CF29265C25006163B7 /* ImagesListViewController.swift in Sources */ = {isa = PBXBuildFile; fileRef = 5536B7CE29265C25006163B7 /* ImagesListViewController.swift */; };
		5536B7D229265C25006163B7 /* Main.storyboard in Resources */ = {isa = PBXBuildFile; fileRef = 5536B7D029265C25006163B7 /* Main.storyboard */; };
		5536B7D429265C26006163B7 /* Assets.xcassets in Resources */ = {isa = PBXBuildFile; fileRef = 5536B7D329265C26006163B7 /* Assets.xcassets */; };
		5536B7D729265C26006163B7 /* LaunchScreen.storyboard in Resources */ = {isa = PBXBuildFile; fileRef = 5536B7D529265C26006163B7 /* LaunchScreen.storyboard */; };
		553B3383294E2C9D000C9FF3 /* SplashViewController.swift in Sources */ = {isa = PBXBuildFile; fileRef = 553B3382294E2C9D000C9FF3 /* SplashViewController.swift */; };
		55405B822938A26500460EDA /* ProfileViewController.swift in Sources */ = {isa = PBXBuildFile; fileRef = 55405B812938A26500460EDA /* ProfileViewController.swift */; };
		5554EE17294CDFB000BC8B35 /* OAuthTokenResponseBody.swift in Sources */ = {isa = PBXBuildFile; fileRef = 5554EE16294CDFB000BC8B35 /* OAuthTokenResponseBody.swift */; };
		5554EE1A294CE13900BC8B35 /* OAuth2Service.swift in Sources */ = {isa = PBXBuildFile; fileRef = 5554EE19294CE13900BC8B35 /* OAuth2Service.swift */; };
		5554EE1C294CFFBB00BC8B35 /* OAuth2TokenStorage.swift in Sources */ = {isa = PBXBuildFile; fileRef = 5554EE1B294CFFBB00BC8B35 /* OAuth2TokenStorage.swift */; };
		5585EACC295DF872000F2C9B /* ProgressHUD in Frameworks */ = {isa = PBXBuildFile; productRef = 5585EACB295DF872000F2C9B /* ProgressHUD */; };
		55892D672962CDEF0049A0BC /* ProfileImageService.swift in Sources */ = {isa = PBXBuildFile; fileRef = 55892D662962CDEF0049A0BC /* ProfileImageService.swift */; };
		55892D692962E0C50049A0BC /* URLSession+Extensions.swift in Sources */ = {isa = PBXBuildFile; fileRef = 55892D682962E0C50049A0BC /* URLSession+Extensions.swift */; };
		55AACFFF295EEE5B00E36D47 /* UIBlockingProgressHUD.swift in Sources */ = {isa = PBXBuildFile; fileRef = 55AACFFE295EEE5B00E36D47 /* UIBlockingProgressHUD.swift */; };
		55AAD001295EF5F100E36D47 /* ProfileService.swift in Sources */ = {isa = PBXBuildFile; fileRef = 55AAD000295EF5F100E36D47 /* ProfileService.swift */; };
		55ABAD4D2938C2A10008F9CE /* SingleImageViewController.swift in Sources */ = {isa = PBXBuildFile; fileRef = 55ABAD4C2938C2A10008F9CE /* SingleImageViewController.swift */; };
		55BECE7529656A8F00025910 /* SwiftKeychainWrapper in Frameworks */ = {isa = PBXBuildFile; productRef = 55BECE7429656A8F00025910 /* SwiftKeychainWrapper */; };
		55D1BE3C29646C590002FEAB /* Kingfisher in Frameworks */ = {isa = PBXBuildFile; productRef = 55D1BE3B29646C590002FEAB /* Kingfisher */; };
		55E5D1FD294B79CC007DF516 /* Constants.swift in Sources */ = {isa = PBXBuildFile; fileRef = 55E5D1FC294B79CC007DF516 /* Constants.swift */; };
		55E5D200294BA485007DF516 /* AuthViewController.swift in Sources */ = {isa = PBXBuildFile; fileRef = 55E5D1FF294BA485007DF516 /* AuthViewController.swift */; };
		55E5D202294BA521007DF516 /* WebViewViewController.swift in Sources */ = {isa = PBXBuildFile; fileRef = 55E5D201294BA521007DF516 /* WebViewViewController.swift */; };
		55EC6AE42927B308001C4BA4 /* UIColor+Extensions.swift in Sources */ = {isa = PBXBuildFile; fileRef = 55EC6AE32927B308001C4BA4 /* UIColor+Extensions.swift */; };
		55EC6AEA2927B709001C4BA4 /* YS Display-Bold.ttf in Resources */ = {isa = PBXBuildFile; fileRef = 55EC6AE82927B709001C4BA4 /* YS Display-Bold.ttf */; };
		55EC6AEB2927B709001C4BA4 /* YS Display-Medium.ttf in Resources */ = {isa = PBXBuildFile; fileRef = 55EC6AE92927B709001C4BA4 /* YS Display-Medium.ttf */; };
		55EC6AED2927BA31001C4BA4 /* ImagesListCell.swift in Sources */ = {isa = PBXBuildFile; fileRef = 55EC6AEC2927BA31001C4BA4 /* ImagesListCell.swift */; };
/* End PBXBuildFile section */

/* Begin PBXFileReference section */
		5536B7C729265C25006163B7 /* ImageFeed.app */ = {isa = PBXFileReference; explicitFileType = wrapper.application; includeInIndex = 0; path = ImageFeed.app; sourceTree = BUILT_PRODUCTS_DIR; };
		5536B7CA29265C25006163B7 /* AppDelegate.swift */ = {isa = PBXFileReference; lastKnownFileType = sourcecode.swift; path = AppDelegate.swift; sourceTree = "<group>"; };
		5536B7CC29265C25006163B7 /* SceneDelegate.swift */ = {isa = PBXFileReference; lastKnownFileType = sourcecode.swift; path = SceneDelegate.swift; sourceTree = "<group>"; };
		5536B7CE29265C25006163B7 /* ImagesListViewController.swift */ = {isa = PBXFileReference; lastKnownFileType = sourcecode.swift; path = ImagesListViewController.swift; sourceTree = "<group>"; };
		5536B7D129265C25006163B7 /* Base */ = {isa = PBXFileReference; lastKnownFileType = file.storyboard; name = Base; path = Base.lproj/Main.storyboard; sourceTree = "<group>"; };
		5536B7D329265C26006163B7 /* Assets.xcassets */ = {isa = PBXFileReference; lastKnownFileType = folder.assetcatalog; path = Assets.xcassets; sourceTree = "<group>"; };
		5536B7D629265C26006163B7 /* Base */ = {isa = PBXFileReference; lastKnownFileType = file.storyboard; name = Base; path = Base.lproj/LaunchScreen.storyboard; sourceTree = "<group>"; };
		5536B7D829265C26006163B7 /* Info.plist */ = {isa = PBXFileReference; lastKnownFileType = text.plist.xml; name = Info.plist; path = ImageFeed/Resources/Info.plist; sourceTree = SOURCE_ROOT; };
		553B3382294E2C9D000C9FF3 /* SplashViewController.swift */ = {isa = PBXFileReference; lastKnownFileType = sourcecode.swift; path = SplashViewController.swift; sourceTree = "<group>"; };
		55405B812938A26500460EDA /* ProfileViewController.swift */ = {isa = PBXFileReference; lastKnownFileType = sourcecode.swift; path = ProfileViewController.swift; sourceTree = "<group>"; };
		5554EE16294CDFB000BC8B35 /* OAuthTokenResponseBody.swift */ = {isa = PBXFileReference; lastKnownFileType = sourcecode.swift; path = OAuthTokenResponseBody.swift; sourceTree = "<group>"; };
		5554EE19294CE13900BC8B35 /* OAuth2Service.swift */ = {isa = PBXFileReference; lastKnownFileType = sourcecode.swift; path = OAuth2Service.swift; sourceTree = "<group>"; };
		5554EE1B294CFFBB00BC8B35 /* OAuth2TokenStorage.swift */ = {isa = PBXFileReference; lastKnownFileType = sourcecode.swift; path = OAuth2TokenStorage.swift; sourceTree = "<group>"; };
		55892D662962CDEF0049A0BC /* ProfileImageService.swift */ = {isa = PBXFileReference; lastKnownFileType = sourcecode.swift; path = ProfileImageService.swift; sourceTree = "<group>"; };
		55892D682962E0C50049A0BC /* URLSession+Extensions.swift */ = {isa = PBXFileReference; lastKnownFileType = sourcecode.swift; path = "URLSession+Extensions.swift"; sourceTree = "<group>"; };
		55AACFFE295EEE5B00E36D47 /* UIBlockingProgressHUD.swift */ = {isa = PBXFileReference; lastKnownFileType = sourcecode.swift; path = UIBlockingProgressHUD.swift; sourceTree = "<group>"; };
		55AAD000295EF5F100E36D47 /* ProfileService.swift */ = {isa = PBXFileReference; lastKnownFileType = sourcecode.swift; path = ProfileService.swift; sourceTree = "<group>"; };
		55ABAD4C2938C2A10008F9CE /* SingleImageViewController.swift */ = {isa = PBXFileReference; lastKnownFileType = sourcecode.swift; path = SingleImageViewController.swift; sourceTree = "<group>"; };
		55E5D1FC294B79CC007DF516 /* Constants.swift */ = {isa = PBXFileReference; lastKnownFileType = sourcecode.swift; path = Constants.swift; sourceTree = "<group>"; };
		55E5D1FF294BA485007DF516 /* AuthViewController.swift */ = {isa = PBXFileReference; lastKnownFileType = sourcecode.swift; path = AuthViewController.swift; sourceTree = "<group>"; };
		55E5D201294BA521007DF516 /* WebViewViewController.swift */ = {isa = PBXFileReference; lastKnownFileType = sourcecode.swift; path = WebViewViewController.swift; sourceTree = "<group>"; };
		55EC6AE32927B308001C4BA4 /* UIColor+Extensions.swift */ = {isa = PBXFileReference; lastKnownFileType = sourcecode.swift; path = "UIColor+Extensions.swift"; sourceTree = "<group>"; };
		55EC6AE82927B709001C4BA4 /* YS Display-Bold.ttf */ = {isa = PBXFileReference; lastKnownFileType = file; path = "YS Display-Bold.ttf"; sourceTree = "<group>"; };
		55EC6AE92927B709001C4BA4 /* YS Display-Medium.ttf */ = {isa = PBXFileReference; lastKnownFileType = file; path = "YS Display-Medium.ttf"; sourceTree = "<group>"; };
		55EC6AEC2927BA31001C4BA4 /* ImagesListCell.swift */ = {isa = PBXFileReference; lastKnownFileType = sourcecode.swift; path = ImagesListCell.swift; sourceTree = "<group>"; };
/* End PBXFileReference section */

/* Begin PBXFrameworksBuildPhase section */
		5536B7C429265C25006163B7 /* Frameworks */ = {
			isa = PBXFrameworksBuildPhase;
			buildActionMask = 2147483647;
			files = (
				55D1BE3C29646C590002FEAB /* Kingfisher in Frameworks */,
				5585EACC295DF872000F2C9B /* ProgressHUD in Frameworks */,
				55BECE7529656A8F00025910 /* SwiftKeychainWrapper in Frameworks */,
			);
			runOnlyForDeploymentPostprocessing = 0;
		};
/* End PBXFrameworksBuildPhase section */

/* Begin PBXGroup section */
		5536B7BE29265C25006163B7 = {
			isa = PBXGroup;
			children = (
				5536B7C929265C25006163B7 /* ImageFeed */,
				5536B7C829265C25006163B7 /* Products */,
			);
			sourceTree = "<group>";
		};
		5536B7C829265C25006163B7 /* Products */ = {
			isa = PBXGroup;
			children = (
				5536B7C729265C25006163B7 /* ImageFeed.app */,
			);
			name = Products;
			sourceTree = "<group>";
		};
		5536B7C929265C25006163B7 /* ImageFeed */ = {
			isa = PBXGroup;
			children = (
				553B3381294E2C87000C9FF3 /* Splash */,
				55E5D1FE294BA473007DF516 /* Auth */,
				55405B802938A22F00460EDA /* Profile */,
				55ABAD4E293910590008F9CE /* SingleImage */,
				55EC6AEE2927BA39001C4BA4 /* ImagesList */,
				5554EE15294CDF9C00BC8B35 /* Models */,
				5554EE18294CE12800BC8B35 /* Services */,
				55EC6AE22927B2EC001C4BA4 /* Helpers */,
				55EC6AE62927B4E3001C4BA4 /* Resources */,
				5536B7CA29265C25006163B7 /* AppDelegate.swift */,
				5536B7CC29265C25006163B7 /* SceneDelegate.swift */,
				5536B7D029265C25006163B7 /* Main.storyboard */,
			);
			path = ImageFeed;
			sourceTree = "<group>";
		};
		553B3381294E2C87000C9FF3 /* Splash */ = {
			isa = PBXGroup;
			children = (
				55AACFFE295EEE5B00E36D47 /* UIBlockingProgressHUD.swift */,
				553B3382294E2C9D000C9FF3 /* SplashViewController.swift */,
			);
			path = Splash;
			sourceTree = "<group>";
		};
		55405B802938A22F00460EDA /* Profile */ = {
			isa = PBXGroup;
			children = (
				55405B812938A26500460EDA /* ProfileViewController.swift */,
			);
			path = Profile;
			sourceTree = "<group>";
		};
		5554EE15294CDF9C00BC8B35 /* Models */ = {
			isa = PBXGroup;
			children = (
				5554EE16294CDFB000BC8B35 /* OAuthTokenResponseBody.swift */,
			);
			path = Models;
			sourceTree = "<group>";
		};
		5554EE18294CE12800BC8B35 /* Services */ = {
			isa = PBXGroup;
			children = (
				5554EE19294CE13900BC8B35 /* OAuth2Service.swift */,
				5554EE1B294CFFBB00BC8B35 /* OAuth2TokenStorage.swift */,
				55AAD000295EF5F100E36D47 /* ProfileService.swift */,
				55892D662962CDEF0049A0BC /* ProfileImageService.swift */,
			);
			path = Services;
			sourceTree = "<group>";
		};
		55ABAD4E293910590008F9CE /* SingleImage */ = {
			isa = PBXGroup;
			children = (
				55ABAD4C2938C2A10008F9CE /* SingleImageViewController.swift */,
			);
			path = SingleImage;
			sourceTree = "<group>";
		};
		55E5D1FE294BA473007DF516 /* Auth */ = {
			isa = PBXGroup;
			children = (
				55E5D1FF294BA485007DF516 /* AuthViewController.swift */,
				55E5D201294BA521007DF516 /* WebViewViewController.swift */,
			);
			path = Auth;
			sourceTree = "<group>";
		};
		55EC6AE22927B2EC001C4BA4 /* Helpers */ = {
			isa = PBXGroup;
			children = (
				55EC6AE32927B308001C4BA4 /* UIColor+Extensions.swift */,
				55892D682962E0C50049A0BC /* URLSession+Extensions.swift */,
			);
			path = Helpers;
			sourceTree = "<group>";
		};
		55EC6AE62927B4E3001C4BA4 /* Resources */ = {
			isa = PBXGroup;
			children = (
				55E5D1FC294B79CC007DF516 /* Constants.swift */,
				55EC6AE72927B6F2001C4BA4 /* Fonts */,
				5536B7D329265C26006163B7 /* Assets.xcassets */,
				5536B7D529265C26006163B7 /* LaunchScreen.storyboard */,
				5536B7D829265C26006163B7 /* Info.plist */,
			);
			path = Resources;
			sourceTree = "<group>";
		};
		55EC6AE72927B6F2001C4BA4 /* Fonts */ = {
			isa = PBXGroup;
			children = (
				55EC6AE82927B709001C4BA4 /* YS Display-Bold.ttf */,
				55EC6AE92927B709001C4BA4 /* YS Display-Medium.ttf */,
			);
			path = Fonts;
			sourceTree = "<group>";
		};
		55EC6AEE2927BA39001C4BA4 /* ImagesList */ = {
			isa = PBXGroup;
			children = (
				5536B7CE29265C25006163B7 /* ImagesListViewController.swift */,
				55EC6AEC2927BA31001C4BA4 /* ImagesListCell.swift */,
			);
			path = ImagesList;
			sourceTree = "<group>";
		};
/* End PBXGroup section */

/* Begin PBXNativeTarget section */
		5536B7C629265C25006163B7 /* ImageFeed */ = {
			isa = PBXNativeTarget;
			buildConfigurationList = 5536B7DB29265C26006163B7 /* Build configuration list for PBXNativeTarget "ImageFeed" */;
			buildPhases = (
				5536B7C329265C25006163B7 /* Sources */,
				5536B7C429265C25006163B7 /* Frameworks */,
				5536B7C529265C25006163B7 /* Resources */,
			);
			buildRules = (
			);
			dependencies = (
			);
			name = ImageFeed;
			packageProductDependencies = (
				5585EACB295DF872000F2C9B /* ProgressHUD */,
				55D1BE3B29646C590002FEAB /* Kingfisher */,
				55BECE7429656A8F00025910 /* SwiftKeychainWrapper */,
			);
			productName = ImageFeed;
			productReference = 5536B7C729265C25006163B7 /* ImageFeed.app */;
			productType = "com.apple.product-type.application";
		};
/* End PBXNativeTarget section */

/* Begin PBXProject section */
		5536B7BF29265C25006163B7 /* Project object */ = {
			isa = PBXProject;
			attributes = {
				BuildIndependentTargetsInParallel = 1;
				LastSwiftUpdateCheck = 1410;
				LastUpgradeCheck = 1410;
				TargetAttributes = {
					5536B7C629265C25006163B7 = {
						CreatedOnToolsVersion = 14.1;
					};
				};
			};
			buildConfigurationList = 5536B7C229265C25006163B7 /* Build configuration list for PBXProject "ImageFeed" */;
			compatibilityVersion = "Xcode 14.0";
			developmentRegion = en;
			hasScannedForEncodings = 0;
			knownRegions = (
				en,
				Base,
			);
			mainGroup = 5536B7BE29265C25006163B7;
			packageReferences = (
				5585EACA295DF872000F2C9B /* XCRemoteSwiftPackageReference "ProgressHUD" */,
				55D1BE3A29646C590002FEAB /* XCRemoteSwiftPackageReference "Kingfisher" */,
				55BECE7329656A8F00025910 /* XCRemoteSwiftPackageReference "SwiftKeychainWrapper" */,
			);
			productRefGroup = 5536B7C829265C25006163B7 /* Products */;
			projectDirPath = "";
			projectRoot = "";
			targets = (
				5536B7C629265C25006163B7 /* ImageFeed */,
			);
		};
/* End PBXProject section */

/* Begin PBXResourcesBuildPhase section */
		5536B7C529265C25006163B7 /* Resources */ = {
			isa = PBXResourcesBuildPhase;
			buildActionMask = 2147483647;
			files = (
				5536B7D729265C26006163B7 /* LaunchScreen.storyboard in Resources */,
				5536B7D429265C26006163B7 /* Assets.xcassets in Resources */,
				5536B7D229265C25006163B7 /* Main.storyboard in Resources */,
				55EC6AEA2927B709001C4BA4 /* YS Display-Bold.ttf in Resources */,
				55EC6AEB2927B709001C4BA4 /* YS Display-Medium.ttf in Resources */,
			);
			runOnlyForDeploymentPostprocessing = 0;
		};
/* End PBXResourcesBuildPhase section */

/* Begin PBXSourcesBuildPhase section */
		5536B7C329265C25006163B7 /* Sources */ = {
			isa = PBXSourcesBuildPhase;
			buildActionMask = 2147483647;
			files = (
				55E5D202294BA521007DF516 /* WebViewViewController.swift in Sources */,
				55AAD001295EF5F100E36D47 /* ProfileService.swift in Sources */,
				55405B822938A26500460EDA /* ProfileViewController.swift in Sources */,
				5554EE1A294CE13900BC8B35 /* OAuth2Service.swift in Sources */,
				5536B7CF29265C25006163B7 /* ImagesListViewController.swift in Sources */,
				5536B7CB29265C25006163B7 /* AppDelegate.swift in Sources */,
				55892D672962CDEF0049A0BC /* ProfileImageService.swift in Sources */,
				553B3383294E2C9D000C9FF3 /* SplashViewController.swift in Sources */,
				55892D692962E0C50049A0BC /* URLSession+Extensions.swift in Sources */,
				5554EE17294CDFB000BC8B35 /* OAuthTokenResponseBody.swift in Sources */,
				55ABAD4D2938C2A10008F9CE /* SingleImageViewController.swift in Sources */,
				55AACFFF295EEE5B00E36D47 /* UIBlockingProgressHUD.swift in Sources */,
				55EC6AED2927BA31001C4BA4 /* ImagesListCell.swift in Sources */,
				5536B7CD29265C25006163B7 /* SceneDelegate.swift in Sources */,
				55EC6AE42927B308001C4BA4 /* UIColor+Extensions.swift in Sources */,
				55E5D200294BA485007DF516 /* AuthViewController.swift in Sources */,
				5554EE1C294CFFBB00BC8B35 /* OAuth2TokenStorage.swift in Sources */,
				55E5D1FD294B79CC007DF516 /* Constants.swift in Sources */,
			);
			runOnlyForDeploymentPostprocessing = 0;
		};
/* End PBXSourcesBuildPhase section */

/* Begin PBXVariantGroup section */
		5536B7D029265C25006163B7 /* Main.storyboard */ = {
			isa = PBXVariantGroup;
			children = (
				5536B7D129265C25006163B7 /* Base */,
			);
			name = Main.storyboard;
			sourceTree = "<group>";
		};
		5536B7D529265C26006163B7 /* LaunchScreen.storyboard */ = {
			isa = PBXVariantGroup;
			children = (
				5536B7D629265C26006163B7 /* Base */,
			);
			name = LaunchScreen.storyboard;
			sourceTree = "<group>";
		};
/* End PBXVariantGroup section */

/* Begin XCBuildConfiguration section */
		5536B7D929265C26006163B7 /* Debug */ = {
			isa = XCBuildConfiguration;
			buildSettings = {
				ALWAYS_SEARCH_USER_PATHS = NO;
				CLANG_ANALYZER_NONNULL = YES;
				CLANG_ANALYZER_NUMBER_OBJECT_CONVERSION = YES_AGGRESSIVE;
				CLANG_CXX_LANGUAGE_STANDARD = "gnu++20";
				CLANG_ENABLE_MODULES = YES;
				CLANG_ENABLE_OBJC_ARC = YES;
				CLANG_ENABLE_OBJC_WEAK = YES;
				CLANG_WARN_BLOCK_CAPTURE_AUTORELEASING = YES;
				CLANG_WARN_BOOL_CONVERSION = YES;
				CLANG_WARN_COMMA = YES;
				CLANG_WARN_CONSTANT_CONVERSION = YES;
				CLANG_WARN_DEPRECATED_OBJC_IMPLEMENTATIONS = YES;
				CLANG_WARN_DIRECT_OBJC_ISA_USAGE = YES_ERROR;
				CLANG_WARN_DOCUMENTATION_COMMENTS = YES;
				CLANG_WARN_EMPTY_BODY = YES;
				CLANG_WARN_ENUM_CONVERSION = YES;
				CLANG_WARN_INFINITE_RECURSION = YES;
				CLANG_WARN_INT_CONVERSION = YES;
				CLANG_WARN_NON_LITERAL_NULL_CONVERSION = YES;
				CLANG_WARN_OBJC_IMPLICIT_RETAIN_SELF = YES;
				CLANG_WARN_OBJC_LITERAL_CONVERSION = YES;
				CLANG_WARN_OBJC_ROOT_CLASS = YES_ERROR;
				CLANG_WARN_QUOTED_INCLUDE_IN_FRAMEWORK_HEADER = YES;
				CLANG_WARN_RANGE_LOOP_ANALYSIS = YES;
				CLANG_WARN_STRICT_PROTOTYPES = YES;
				CLANG_WARN_SUSPICIOUS_MOVE = YES;
				CLANG_WARN_UNGUARDED_AVAILABILITY = YES_AGGRESSIVE;
				CLANG_WARN_UNREACHABLE_CODE = YES;
				CLANG_WARN__DUPLICATE_METHOD_MATCH = YES;
				COPY_PHASE_STRIP = NO;
				DEBUG_INFORMATION_FORMAT = dwarf;
				ENABLE_STRICT_OBJC_MSGSEND = YES;
				ENABLE_TESTABILITY = YES;
				GCC_C_LANGUAGE_STANDARD = gnu11;
				GCC_DYNAMIC_NO_PIC = NO;
				GCC_NO_COMMON_BLOCKS = YES;
				GCC_OPTIMIZATION_LEVEL = 0;
				GCC_PREPROCESSOR_DEFINITIONS = (
					"DEBUG=1",
					"$(inherited)",
				);
				GCC_WARN_64_TO_32_BIT_CONVERSION = YES;
				GCC_WARN_ABOUT_RETURN_TYPE = YES_ERROR;
				GCC_WARN_UNDECLARED_SELECTOR = YES;
				GCC_WARN_UNINITIALIZED_AUTOS = YES_AGGRESSIVE;
				GCC_WARN_UNUSED_FUNCTION = YES;
				GCC_WARN_UNUSED_VARIABLE = YES;
				IPHONEOS_DEPLOYMENT_TARGET = 13.0;
				MTL_ENABLE_DEBUG_INFO = INCLUDE_SOURCE;
				MTL_FAST_MATH = YES;
				ONLY_ACTIVE_ARCH = YES;
				SDKROOT = iphoneos;
				SWIFT_ACTIVE_COMPILATION_CONDITIONS = DEBUG;
				SWIFT_OPTIMIZATION_LEVEL = "-Onone";
			};
			name = Debug;
		};
		5536B7DA29265C26006163B7 /* Release */ = {
			isa = XCBuildConfiguration;
			buildSettings = {
				ALWAYS_SEARCH_USER_PATHS = NO;
				CLANG_ANALYZER_NONNULL = YES;
				CLANG_ANALYZER_NUMBER_OBJECT_CONVERSION = YES_AGGRESSIVE;
				CLANG_CXX_LANGUAGE_STANDARD = "gnu++20";
				CLANG_ENABLE_MODULES = YES;
				CLANG_ENABLE_OBJC_ARC = YES;
				CLANG_ENABLE_OBJC_WEAK = YES;
				CLANG_WARN_BLOCK_CAPTURE_AUTORELEASING = YES;
				CLANG_WARN_BOOL_CONVERSION = YES;
				CLANG_WARN_COMMA = YES;
				CLANG_WARN_CONSTANT_CONVERSION = YES;
				CLANG_WARN_DEPRECATED_OBJC_IMPLEMENTATIONS = YES;
				CLANG_WARN_DIRECT_OBJC_ISA_USAGE = YES_ERROR;
				CLANG_WARN_DOCUMENTATION_COMMENTS = YES;
				CLANG_WARN_EMPTY_BODY = YES;
				CLANG_WARN_ENUM_CONVERSION = YES;
				CLANG_WARN_INFINITE_RECURSION = YES;
				CLANG_WARN_INT_CONVERSION = YES;
				CLANG_WARN_NON_LITERAL_NULL_CONVERSION = YES;
				CLANG_WARN_OBJC_IMPLICIT_RETAIN_SELF = YES;
				CLANG_WARN_OBJC_LITERAL_CONVERSION = YES;
				CLANG_WARN_OBJC_ROOT_CLASS = YES_ERROR;
				CLANG_WARN_QUOTED_INCLUDE_IN_FRAMEWORK_HEADER = YES;
				CLANG_WARN_RANGE_LOOP_ANALYSIS = YES;
				CLANG_WARN_STRICT_PROTOTYPES = YES;
				CLANG_WARN_SUSPICIOUS_MOVE = YES;
				CLANG_WARN_UNGUARDED_AVAILABILITY = YES_AGGRESSIVE;
				CLANG_WARN_UNREACHABLE_CODE = YES;
				CLANG_WARN__DUPLICATE_METHOD_MATCH = YES;
				COPY_PHASE_STRIP = NO;
				DEBUG_INFORMATION_FORMAT = "dwarf-with-dsym";
				ENABLE_NS_ASSERTIONS = NO;
				ENABLE_STRICT_OBJC_MSGSEND = YES;
				GCC_C_LANGUAGE_STANDARD = gnu11;
				GCC_NO_COMMON_BLOCKS = YES;
				GCC_WARN_64_TO_32_BIT_CONVERSION = YES;
				GCC_WARN_ABOUT_RETURN_TYPE = YES_ERROR;
				GCC_WARN_UNDECLARED_SELECTOR = YES;
				GCC_WARN_UNINITIALIZED_AUTOS = YES_AGGRESSIVE;
				GCC_WARN_UNUSED_FUNCTION = YES;
				GCC_WARN_UNUSED_VARIABLE = YES;
				IPHONEOS_DEPLOYMENT_TARGET = 13.0;
				MTL_ENABLE_DEBUG_INFO = NO;
				MTL_FAST_MATH = YES;
				SDKROOT = iphoneos;
				SWIFT_COMPILATION_MODE = wholemodule;
				SWIFT_OPTIMIZATION_LEVEL = "-O";
				VALIDATE_PRODUCT = YES;
			};
			name = Release;
		};
		5536B7DC29265C26006163B7 /* Debug */ = {
			isa = XCBuildConfiguration;
			buildSettings = {
				ASSETCATALOG_COMPILER_APPICON_NAME = AppIcon;
				ASSETCATALOG_COMPILER_GLOBAL_ACCENT_COLOR_NAME = AccentColor;
				CODE_SIGN_STYLE = Automatic;
				CURRENT_PROJECT_VERSION = 1;
				DEVELOPMENT_TEAM = 6K8462GPBF;
				GENERATE_INFOPLIST_FILE = YES;
				INFOPLIST_FILE = ImageFeed/Resources/Info.plist;
				INFOPLIST_KEY_UIApplicationSupportsIndirectInputEvents = YES;
				INFOPLIST_KEY_UILaunchStoryboardName = LaunchScreen;
				INFOPLIST_KEY_UIMainStoryboardFile = Main;
				INFOPLIST_KEY_UIStatusBarStyle = UIStatusBarStyleLightContent;
				INFOPLIST_KEY_UISupportedInterfaceOrientations = UIInterfaceOrientationPortrait;
				INFOPLIST_KEY_UISupportedInterfaceOrientations_iPad = "UIInterfaceOrientationLandscapeLeft UIInterfaceOrientationLandscapeRight UIInterfaceOrientationPortrait UIInterfaceOrientationPortraitUpsideDown";
				IPHONEOS_DEPLOYMENT_TARGET = 13.0;
				LD_RUNPATH_SEARCH_PATHS = (
					"$(inherited)",
					"@executable_path/Frameworks",
				);
				MARKETING_VERSION = 1.0;
				PRODUCT_BUNDLE_IDENTIFIER = ru.SysoevAndrey.ImageFeed;
				PRODUCT_NAME = "$(TARGET_NAME)";
				SUPPORTED_PLATFORMS = "iphoneos iphonesimulator";
				SUPPORTS_MACCATALYST = NO;
				SUPPORTS_MAC_DESIGNED_FOR_IPHONE_IPAD = NO;
				SWIFT_EMIT_LOC_STRINGS = YES;
				SWIFT_VERSION = 5.0;
				TARGETED_DEVICE_FAMILY = 1;
			};
			name = Debug;
		};
		5536B7DD29265C26006163B7 /* Release */ = {
			isa = XCBuildConfiguration;
			buildSettings = {
				ASSETCATALOG_COMPILER_APPICON_NAME = AppIcon;
				ASSETCATALOG_COMPILER_GLOBAL_ACCENT_COLOR_NAME = AccentColor;
				CODE_SIGN_STYLE = Automatic;
				CURRENT_PROJECT_VERSION = 1;
				DEVELOPMENT_TEAM = 6K8462GPBF;
				GENERATE_INFOPLIST_FILE = YES;
				INFOPLIST_FILE = ImageFeed/Resources/Info.plist;
				INFOPLIST_KEY_UIApplicationSupportsIndirectInputEvents = YES;
				INFOPLIST_KEY_UILaunchStoryboardName = LaunchScreen;
				INFOPLIST_KEY_UIMainStoryboardFile = Main;
				INFOPLIST_KEY_UIStatusBarStyle = UIStatusBarStyleLightContent;
				INFOPLIST_KEY_UISupportedInterfaceOrientations = UIInterfaceOrientationPortrait;
				INFOPLIST_KEY_UISupportedInterfaceOrientations_iPad = "UIInterfaceOrientationLandscapeLeft UIInterfaceOrientationLandscapeRight UIInterfaceOrientationPortrait UIInterfaceOrientationPortraitUpsideDown";
				IPHONEOS_DEPLOYMENT_TARGET = 13.0;
				LD_RUNPATH_SEARCH_PATHS = (
					"$(inherited)",
					"@executable_path/Frameworks",
				);
				MARKETING_VERSION = 1.0;
				PRODUCT_BUNDLE_IDENTIFIER = ru.SysoevAndrey.ImageFeed;
				PRODUCT_NAME = "$(TARGET_NAME)";
				SUPPORTED_PLATFORMS = "iphoneos iphonesimulator";
				SUPPORTS_MACCATALYST = NO;
				SUPPORTS_MAC_DESIGNED_FOR_IPHONE_IPAD = NO;
				SWIFT_EMIT_LOC_STRINGS = YES;
				SWIFT_VERSION = 5.0;
				TARGETED_DEVICE_FAMILY = 1;
			};
			name = Release;
		};
/* End XCBuildConfiguration section */

/* Begin XCConfigurationList section */
		5536B7C229265C25006163B7 /* Build configuration list for PBXProject "ImageFeed" */ = {
			isa = XCConfigurationList;
			buildConfigurations = (
				5536B7D929265C26006163B7 /* Debug */,
				5536B7DA29265C26006163B7 /* Release */,
			);
			defaultConfigurationIsVisible = 0;
			defaultConfigurationName = Release;
		};
		5536B7DB29265C26006163B7 /* Build configuration list for PBXNativeTarget "ImageFeed" */ = {
			isa = XCConfigurationList;
			buildConfigurations = (
				5536B7DC29265C26006163B7 /* Debug */,
				5536B7DD29265C26006163B7 /* Release */,
			);
			defaultConfigurationIsVisible = 0;
			defaultConfigurationName = Release;
		};
/* End XCConfigurationList section */

/* Begin XCRemoteSwiftPackageReference section */
		5585EACA295DF872000F2C9B /* XCRemoteSwiftPackageReference "ProgressHUD" */ = {
			isa = XCRemoteSwiftPackageReference;
			repositoryURL = "https://github.com/relatedcode/ProgressHUD";
			requirement = {
				kind = exactVersion;
				version = 13.6.2;
			};
		};
		55BECE7329656A8F00025910 /* XCRemoteSwiftPackageReference "SwiftKeychainWrapper" */ = {
			isa = XCRemoteSwiftPackageReference;
			repositoryURL = "https://github.com/jrendel/SwiftKeychainWrapper";
			requirement = {
				kind = exactVersion;
				version = 4.0.1;
			};
		};
		55D1BE3A29646C590002FEAB /* XCRemoteSwiftPackageReference "Kingfisher" */ = {
			isa = XCRemoteSwiftPackageReference;
			repositoryURL = "https://github.com/onevcat/Kingfisher";
			requirement = {
				kind = exactVersion;
				version = 7.4.1;
			};
		};
/* End XCRemoteSwiftPackageReference section */

/* Begin XCSwiftPackageProductDependency section */
		5585EACB295DF872000F2C9B /* ProgressHUD */ = {
			isa = XCSwiftPackageProductDependency;
			package = 5585EACA295DF872000F2C9B /* XCRemoteSwiftPackageReference "ProgressHUD" */;
			productName = ProgressHUD;
		};
		55BECE7429656A8F00025910 /* SwiftKeychainWrapper */ = {
			isa = XCSwiftPackageProductDependency;
			package = 55BECE7329656A8F00025910 /* XCRemoteSwiftPackageReference "SwiftKeychainWrapper" */;
			productName = SwiftKeychainWrapper;
		};
		55D1BE3B29646C590002FEAB /* Kingfisher */ = {
			isa = XCSwiftPackageProductDependency;
			package = 55D1BE3A29646C590002FEAB /* XCRemoteSwiftPackageReference "Kingfisher" */;
			productName = Kingfisher;
		};
/* End XCSwiftPackageProductDependency section */
	};
	rootObject = 5536B7BF29265C25006163B7 /* Project object */;
}
